Microsoft Visual Studio Solution File, Format Version 12.00
# Visual Studio Version 17
VisualStudioVersion = 17.5.2.0
MinimumVisualStudioVersion = 10.0.40219.1
Project("{2150E333-8FDC-42A3-9474-1A3956D46DE8}") = "tests", "tests", "{0AB3BF05-4346-4AA6-1389-037BE0695223}"
EndProject
Project("{2150E333-8FDC-42A3-9474-1A3956D46DE8}") = "starter", "starter", "{5D6F351A-6629-B7F4-AAEF-5AAE92D8C891}"
EndProject
Project("{FAE04EC0-301F-11D3-BF4B-00C04F79EFBC}") = "ScoreStats.Tests", "tests\ScoreStats.Tests.csproj", "{089503E9-FC85-FA14-4E53-2F245C9EE274}"
EndProject
Project("{FAE04EC0-301F-11D3-BF4B-00C04F79EFBC}") = "ScoreStats", "starter\ScoreStats.csproj", "{546C5DF2-B53A-7E46-3D9C-51177D21D718}"
EndProject
Global
	GlobalSection(SolutionConfigurationPlatforms) = preSolution
		Debug|Any CPU = Debug|Any CPU
		Release|Any CPU = Release|Any CPU
	EndGlobalSection
	GlobalSection(ProjectConfigurationPlatforms) = postSolution
		{089503E9-FC85-FA14-4E53-2F245C9EE274}.Debug|Any CPU.ActiveCfg = Debug|Any CPU
		{089503E9-FC85-FA14-4E53-2F245C9EE274}.Debug|Any CPU.Build.0 = Debug|Any CPU
		{089503E9-FC85-FA14-4E53-2F245C9EE274}.Release|Any CPU.ActiveCfg = Release|Any CPU
		{089503E9-FC85-FA14-4E53-2F245C9EE274}.Release|Any CPU.Build.0 = Release|Any CPU
		{546C5DF2-B53A-7E46-3D9C-51177D21D718}.Debug|Any CPU.ActiveCfg = Debug|Any CPU
		{546C5DF2-B53A-7E46-3D9C-51177D21D718}.Debug|Any CPU.Build.0 = Debug|Any CPU
		{546C5DF2-B53A-7E46-3D9C-51177D21D718}.Release|Any CPU.ActiveCfg = Release|Any CPU
		{546C5DF2-B53A-7E46-3D9C-51177D21D718}.Release|Any CPU.Build.0 = Release|Any CPU
	EndGlobalSection
	GlobalSection(SolutionProperties) = preSolution
		HideSolutionNode = FALSE
	EndGlobalSection
	GlobalSection(NestedProjects) = preSolution
		{089503E9-FC85-FA14-4E53-2F245C9EE274} = {0AB3BF05-4346-4AA6-1389-037BE0695223}
		{546C5DF2-B53A-7E46-3D9C-51177D21D718} = {5D6F351A-6629-B7F4-AAEF-5AAE92D8C891}
	EndGlobalSection
	GlobalSection(ExtensibilityGlobals) = postSolution
		SolutionGuid = {FD11EC81-AC50-4F58-BE8C-3D467B1447DF}
	EndGlobalSection
EndGlobal
